<?xml version="1.0" encoding="UTF-8" standalone="yes" ?>
<CodeBlocks_project_file>
	<FileVersion major="1" minor="6" />
	<Project>
		<Option title="TicTacToe" />
		<Option pch_mode="2" />
		<Option compiler="gcc" />
		<Build>
			<Target title="Debug">
				<Option output="bin/Debug/TicTacToe" prefix_auto="1" extension_auto="1" />
				<Option object_output="obj/Debug/" />
				<Option type="1" />
				<Option compiler="gcc" />
				<Compiler>
					<Add option="-g" />
				</Compiler>
				<Linker>
					<Add library="C:/msys64/ucrt64/lib/libncurses.a" />
					<Add library="C:/msys64/ucrt64/lib/libncurses++w.a" />
					<Add library="C:/msys64/ucrt64/lib/libncurses++w.dll.a" />
					<Add library="C:/msys64/ucrt64/lib/libncurses++w_g.a" />
					<Add library="C:/msys64/ucrt64/lib/libncursesw.a" />
					<Add library="C:/msys64/ucrt64/lib/libncursesw.dll.a" />
					<Add library="C:/msys64/ucrt64/lib/libncursesw_g.a" />
				</Linker>
			</Target>
			<Target title="Release">
				<Option output="bin/Release/TicTacToe" prefix_auto="1" extension_auto="1" />
				<Option object_output="obj/Release/" />
				<Option type="1" />
				<Option compiler="gcc" />
				<Compiler>
					<Add option="-O2" />
				</Compiler>
				<Linker>
					<Add option="-s" />
					<Add library="C:/msys64/ucrt64/lib/libncurses.a" />
					<Add library="C:/msys64/ucrt64/lib/libncurses++w.a" />
					<Add library="C:/msys64/ucrt64/lib/libncurses++w.dll.a" />
					<Add library="C:/msys64/ucrt64/lib/libncurses++w_g.a" />
					<Add library="C:/msys64/ucrt64/lib/libncursesw.a" />
					<Add library="C:/msys64/ucrt64/lib/libncursesw.dll.a" />
					<Add library="C:/msys64/ucrt64/lib/libncursesw_g.a" />
				</Linker>
			</Target>
		</Build>
		<Compiler>
			<Add option="-Wall" />
		</Compiler>
		<Unit filename="main.cpp" />
		<Extensions>
			<lib_finder disable_auto="1" />
		</Extensions>
	</Project>
</CodeBlocks_project_file>
